
Microsoft Visual Studio Solution File, Format Version 12.00
# Visual Studio 15
VisualStudioVersion = 15.0.28307.421
MinimumVisualStudioVersion = 10.0.40219.1
Project("{9A19103F-16F7-4668-BE54-9A1E7A4F7556}") = "StreamCompress", "StreamCompress\StreamCompress.csproj", "{313A3A3B-5B69-4977-B345-559CE9A3F820}"
EndProject
Project("{9A19103F-16F7-4668-BE54-9A1E7A4F7556}") = "StreamCompressTest", "StreamCompressTest\StreamCompressTest.csproj", "{528BD9A3-0680-4362-B963-3275D645C922}"
EndProject
Project("{9A19103F-16F7-4668-BE54-9A1E7A4F7556}") = "StreamCompressBenchmark", "StreamCompressBenchmark\StreamCompressBenchmark.csproj", "{1C3A7CC6-1B89-46FF-B21B-283743E8CA78}"
EndProject
Project("{2150E333-8FDC-42A3-9474-1A3956D46DE8}") = "Solution Items", "Solution Items", "{9C6D06B2-8627-4955-8CF1-47E3C36CFD11}"
	ProjectSection(SolutionItems) = preProject
		Enviroment.cs = Enviroment.cs
		publish.cmd = publish.cmd
	EndProjectSection
EndProject
Global
	GlobalSection(SolutionConfigurationPlatforms) = preSolution
		Debug|Any CPU = Debug|Any CPU
		Debug|ARM = Debug|ARM
		Debug|ARM64 = Debug|ARM64
		Debug|x64 = Debug|x64
		Debug|x86 = Debug|x86
		Release|Any CPU = Release|Any CPU
		Release|ARM = Release|ARM
		Release|ARM64 = Release|ARM64
		Release|x64 = Release|x64
		Release|x86 = Release|x86
	EndGlobalSection
	GlobalSection(ProjectConfigurationPlatforms) = postSolution
		{313A3A3B-5B69-4977-B345-559CE9A3F820}.Debug|Any CPU.ActiveCfg = Debug|Any CPU
		{313A3A3B-5B69-4977-B345-559CE9A3F820}.Debug|Any CPU.Build.0 = Debug|Any CPU
		{313A3A3B-5B69-4977-B345-559CE9A3F820}.Debug|ARM.ActiveCfg = Debug|Any CPU
		{313A3A3B-5B69-4977-B345-559CE9A3F820}.Debug|ARM.Build.0 = Debug|Any CPU
		{313A3A3B-5B69-4977-B345-559CE9A3F820}.Debug|ARM64.ActiveCfg = Debug|Any CPU
		{313A3A3B-5B69-4977-B345-559CE9A3F820}.Debug|ARM64.Build.0 = Debug|Any CPU
		{313A3A3B-5B69-4977-B345-559CE9A3F820}.Debug|x64.ActiveCfg = Debug|Any CPU
		{313A3A3B-5B69-4977-B345-559CE9A3F820}.Debug|x64.Build.0 = Debug|Any CPU
		{313A3A3B-5B69-4977-B345-559CE9A3F820}.Debug|x86.ActiveCfg = Debug|Any CPU
		{313A3A3B-5B69-4977-B345-559CE9A3F820}.Debug|x86.Build.0 = Debug|Any CPU
		{313A3A3B-5B69-4977-B345-559CE9A3F820}.Release|Any CPU.ActiveCfg = Release|Any CPU
		{313A3A3B-5B69-4977-B345-559CE9A3F820}.Release|Any CPU.Build.0 = Release|Any CPU
		{313A3A3B-5B69-4977-B345-559CE9A3F820}.Release|ARM.ActiveCfg = Release|Any CPU
		{313A3A3B-5B69-4977-B345-559CE9A3F820}.Release|ARM.Build.0 = Release|Any CPU
		{313A3A3B-5B69-4977-B345-559CE9A3F820}.Release|ARM64.ActiveCfg = Release|Any CPU
		{313A3A3B-5B69-4977-B345-559CE9A3F820}.Release|ARM64.Build.0 = Release|Any CPU
		{313A3A3B-5B69-4977-B345-559CE9A3F820}.Release|x64.ActiveCfg = Release|Any CPU
		{313A3A3B-5B69-4977-B345-559CE9A3F820}.Release|x64.Build.0 = Release|Any CPU
		{313A3A3B-5B69-4977-B345-559CE9A3F820}.Release|x86.ActiveCfg = Release|Any CPU
		{313A3A3B-5B69-4977-B345-559CE9A3F820}.Release|x86.Build.0 = Release|Any CPU
		{528BD9A3-0680-4362-B963-3275D645C922}.Debug|Any CPU.ActiveCfg = Debug|Any CPU
		{528BD9A3-0680-4362-B963-3275D645C922}.Debug|Any CPU.Build.0 = Debug|Any CPU
		{528BD9A3-0680-4362-B963-3275D645C922}.Debug|ARM.ActiveCfg = Debug|Any CPU
		{528BD9A3-0680-4362-B963-3275D645C922}.Debug|ARM.Build.0 = Debug|Any CPU
		{528BD9A3-0680-4362-B963-3275D645C922}.Debug|ARM64.ActiveCfg = Debug|Any CPU
		{528BD9A3-0680-4362-B963-3275D645C922}.Debug|ARM64.Build.0 = Debug|Any CPU
		{528BD9A3-0680-4362-B963-3275D645C922}.Debug|x64.ActiveCfg = Debug|Any CPU
		{528BD9A3-0680-4362-B963-3275D645C922}.Debug|x64.Build.0 = Debug|Any CPU
		{528BD9A3-0680-4362-B963-3275D645C922}.Debug|x86.ActiveCfg = Debug|Any CPU
		{528BD9A3-0680-4362-B963-3275D645C922}.Debug|x86.Build.0 = Debug|Any CPU
		{528BD9A3-0680-4362-B963-3275D645C922}.Release|Any CPU.ActiveCfg = Release|Any CPU
		{528BD9A3-0680-4362-B963-3275D645C922}.Release|Any CPU.Build.0 = Release|Any CPU
		{528BD9A3-0680-4362-B963-3275D645C922}.Release|ARM.ActiveCfg = Release|Any CPU
		{528BD9A3-0680-4362-B963-3275D645C922}.Release|ARM.Build.0 = Release|Any CPU
		{528BD9A3-0680-4362-B963-3275D645C922}.Release|ARM64.ActiveCfg = Release|Any CPU
		{528BD9A3-0680-4362-B963-3275D645C922}.Release|ARM64.Build.0 = Release|Any CPU
		{528BD9A3-0680-4362-B963-3275D645C922}.Release|x64.ActiveCfg = Release|Any CPU
		{528BD9A3-0680-4362-B963-3275D645C922}.Release|x64.Build.0 = Release|Any CPU
		{528BD9A3-0680-4362-B963-3275D645C922}.Release|x86.ActiveCfg = Release|Any CPU
		{528BD9A3-0680-4362-B963-3275D645C922}.Release|x86.Build.0 = Release|Any CPU
		{1C3A7CC6-1B89-46FF-B21B-283743E8CA78}.Debug|Any CPU.ActiveCfg = Debug|Any CPU
		{1C3A7CC6-1B89-46FF-B21B-283743E8CA78}.Debug|Any CPU.Build.0 = Debug|Any CPU
		{1C3A7CC6-1B89-46FF-B21B-283743E8CA78}.Debug|ARM.ActiveCfg = Debug|Any CPU
		{1C3A7CC6-1B89-46FF-B21B-283743E8CA78}.Debug|ARM.Build.0 = Debug|Any CPU
		{1C3A7CC6-1B89-46FF-B21B-283743E8CA78}.Debug|ARM64.ActiveCfg = Debug|Any CPU
		{1C3A7CC6-1B89-46FF-B21B-283743E8CA78}.Debug|ARM64.Build.0 = Debug|Any CPU
		{1C3A7CC6-1B89-46FF-B21B-283743E8CA78}.Debug|x64.ActiveCfg = Debug|Any CPU
		{1C3A7CC6-1B89-46FF-B21B-283743E8CA78}.Debug|x64.Build.0 = Debug|Any CPU
		{1C3A7CC6-1B89-46FF-B21B-283743E8CA78}.Debug|x86.ActiveCfg = Debug|Any CPU
		{1C3A7CC6-1B89-46FF-B21B-283743E8CA78}.Debug|x86.Build.0 = Debug|Any CPU
		{1C3A7CC6-1B89-46FF-B21B-283743E8CA78}.Release|Any CPU.ActiveCfg = Release|Any CPU
		{1C3A7CC6-1B89-46FF-B21B-283743E8CA78}.Release|Any CPU.Build.0 = Release|Any CPU
		{1C3A7CC6-1B89-46FF-B21B-283743E8CA78}.Release|ARM.ActiveCfg = Release|Any CPU
		{1C3A7CC6-1B89-46FF-B21B-283743E8CA78}.Release|ARM.Build.0 = Release|Any CPU
		{1C3A7CC6-1B89-46FF-B21B-283743E8CA78}.Release|ARM64.ActiveCfg = Release|Any CPU
		{1C3A7CC6-1B89-46FF-B21B-283743E8CA78}.Release|ARM64.Build.0 = Release|Any CPU
		{1C3A7CC6-1B89-46FF-B21B-283743E8CA78}.Release|x64.ActiveCfg = Release|Any CPU
		{1C3A7CC6-1B89-46FF-B21B-283743E8CA78}.Release|x64.Build.0 = Release|Any CPU
		{1C3A7CC6-1B89-46FF-B21B-283743E8CA78}.Release|x86.ActiveCfg = Release|Any CPU
		{1C3A7CC6-1B89-46FF-B21B-283743E8CA78}.Release|x86.Build.0 = Release|Any CPU
	EndGlobalSection
	GlobalSection(SolutionProperties) = preSolution
		HideSolutionNode = FALSE
	EndGlobalSection
	GlobalSection(ExtensibilityGlobals) = postSolution
		SolutionGuid = {0FD03A03-27AE-4665-8547-9416796D8DA4}
	EndGlobalSection
EndGlobal
